{
    "_meta": {
        "hash": {
            "sha256": "4d329b7f46f13a6ff4c3ae9f86886e9f4d3aa90264a816e76a3e45085a8d00fc"
        },
        "pipfile-spec": 6,
        "requires": {
            "python_version": "3.9"
        },
        "sources": [
            {
                "name": "pypi",
                "url": "https://pypi.org/simple",
                "verify_ssl": true
            }
        ]
    },
    "default": {
        "asgiref": {
            "hashes": [
                "sha256:89b2ef2247e3b562a16eef663bc0e2e703ec6468e2fa8a5cd61cd449786d4f6e",
                "sha256:9e0ce3aa93a819ba5b45120216b23878cf6e8525eb3848653452b4192b92afed"
            ],
            "markers": "python_version >= '3.7'",
            "version": "==3.7.2"
        },
        "django": {
            "hashes": [
                "sha256:6cb5dcea9e3d12c47834d32156b8841f533a4493c688e2718cafd51aa430ba6d",
                "sha256:d69d5e36cc5d9f4eb4872be36c622878afcdce94062716cf3e25bcedcb168b62"
            ],
            "index": "pypi",
            "markers": "python_version >= '3.8'",
            "version": "==4.2.8"
        },
        "django-jazzmin": {
            "hashes": [
                "sha256:5bb07055cf19183030724f976904fd8b6337559727959340a43832fab0531812",
                "sha256:fb554c2d564649c65243b13385121fdbdda58521f49544f9d7cb9c414a4908d4"
            ],
            "index": "pypi",
            "markers": "python_full_version >= '3.6.2'",
            "version": "==2.6.0"
        },
        "django-phonenumber-field": {
            "extras": [
                "phonenumberslite"
            ],
            "hashes": [
                "sha256:16778f2717ea2aecc6178beb0d6bc431c78c6a8b0474e1fa8face040efeb6e9e",
                "sha256:20c7c5c449e33eed5fd45ef8d3dc668faabaeff3277eddd1892b262d686ba381"
            ],
            "markers": "python_version >= '3.8'",
            "version": "==7.2.0"
        },
        "phonenumberslite": {
            "hashes": [
                "sha256:305736b1b489e2bc6831710a2f34a9324f2bf96a1e77c8e0b3136dfaf9ca7753",
                "sha256:6356f2728fa1d2c2bc9e79c3bfcfedc91a36537df7a134f150731a821a469a96"
            ],
            "version": "==8.13.26"
        },
        "sqlparse": {
            "hashes": [
                "sha256:5430a4fe2ac7d0f93e66f1efc6e1338a41884b7ddf2a350cedd20ccc4d9d28f3",
                "sha256:d446183e84b8349fa3061f0fe7f06ca94ba65b426946ffebe6e3e8295332420c"
            ],
            "markers": "python_version >= '3.5'",
            "version": "==0.4.4"
        },
        "typing-extensions": {
            "hashes": [
                "sha256:23478f88c37f27d76ac8aee6c905017a143b0b1b886c3c9f66bc2fd94f9f5783",
                "sha256:af72aea155e91adfc61c3ae9e0e342dbc0cba726d6cba4b6c72c1f34e47291cd"
            ],
            "markers": "python_version < '3.11'",
            "version": "==4.9.0"
        }
    },
    "develop": {}
}
